// !$*UTF8*$!
{
	archiveVersion = 1;
	classes = {
	};
	objectVersion = 56;
	objects = {

/* Begin PBXBuildFile section */
		9325446C28E71CB6003DBDF8 /* AppDelegate.swift in Sources */ = {isa = PBXBuildFile; fileRef = 9325446B28E71CB6003DBDF8 /* AppDelegate.swift */; };
		9325446E28E71CB6003DBDF8 /* SceneDelegate.swift in Sources */ = {isa = PBXBuildFile; fileRef = 9325446D28E71CB6003DBDF8 /* SceneDelegate.swift */; };
		9325447028E71CB6003DBDF8 /* ViewController.swift in Sources */ = {isa = PBXBuildFile; fileRef = 9325446F28E71CB6003DBDF8 /* ViewController.swift */; };
		9325447328E71CB6003DBDF8 /* Main.storyboard in Resources */ = {isa = PBXBuildFile; fileRef = 9325447128E71CB6003DBDF8 /* Main.storyboard */; };
		9325447528E71CB8003DBDF8 /* Assets.xcassets in Resources */ = {isa = PBXBuildFile; fileRef = 9325447428E71CB8003DBDF8 /* Assets.xcassets */; };
		9325447828E71CB8003DBDF8 /* LaunchScreen.storyboard in Resources */ = {isa = PBXBuildFile; fileRef = 9325447628E71CB8003DBDF8 /* LaunchScreen.storyboard */; };
		9325448328E71CB8003DBDF8 /* DrawLineAtTests.swift in Sources */ = {isa = PBXBuildFile; fileRef = 9325448228E71CB8003DBDF8 /* DrawLineAtTests.swift */; };
		9325448D28E71CB8003DBDF8 /* DrawLineAtUITests.swift in Sources */ = {isa = PBXBuildFile; fileRef = 9325448C28E71CB8003DBDF8 /* DrawLineAtUITests.swift */; };
		9325448F28E71CB8003DBDF8 /* DrawLineAtUITestsLaunchTests.swift in Sources */ = {isa = PBXBuildFile; fileRef = 9325448E28E71CB8003DBDF8 /* DrawLineAtUITestsLaunchTests.swift */; };
/* End PBXBuildFile section */

/* Begin PBXContainerItemProxy section */
		9325447F28E71CB8003DBDF8 /* PBXContainerItemProxy */ = {
			isa = PBXContainerItemProxy;
			containerPortal = 9325446028E71CB6003DBDF8 /* Project object */;
			proxyType = 1;
			remoteGlobalIDString = 9325446728E71CB6003DBDF8;
			remoteInfo = DrawLineAt;
		};
		9325448928E71CB8003DBDF8 /* PBXContainerItemProxy */ = {
			isa = PBXContainerItemProxy;
			containerPortal = 9325446028E71CB6003DBDF8 /* Project object */;
			proxyType = 1;
			remoteGlobalIDString = 9325446728E71CB6003DBDF8;
			remoteInfo = DrawLineAt;
		};
/* End PBXContainerItemProxy section */

/* Begin PBXFileReference section */
		9325446828E71CB6003DBDF8 /* DrawLineAt.app */ = {isa = PBXFileReference; explicitFileType = wrapper.application; includeInIndex = 0; path = DrawLineAt.app; sourceTree = BUILT_PRODUCTS_DIR; };
		9325446B28E71CB6003DBDF8 /* AppDelegate.swift */ = {isa = PBXFileReference; lastKnownFileType = sourcecode.swift; path = AppDelegate.swift; sourceTree = "<group>"; };
		9325446D28E71CB6003DBDF8 /* SceneDelegate.swift */ = {isa = PBXFileReference; lastKnownFileType = sourcecode.swift; path = SceneDelegate.swift; sourceTree = "<group>"; };
		9325446F28E71CB6003DBDF8 /* ViewController.swift */ = {isa = PBXFileReference; lastKnownFileType = sourcecode.swift; path = ViewController.swift; sourceTree = "<group>"; };
		9325447228E71CB6003DBDF8 /* Base */ = {isa = PBXFileReference; lastKnownFileType = file.storyboard; name = Base; path = Base.lproj/Main.storyboard; sourceTree = "<group>"; };
		9325447428E71CB8003DBDF8 /* Assets.xcassets */ = {isa = PBXFileReference; lastKnownFileType = folder.assetcatalog; path = Assets.xcassets; sourceTree = "<group>"; };
		9325447728E71CB8003DBDF8 /* Base */ = {isa = PBXFileReference; lastKnownFileType = file.storyboard; name = Base; path = Base.lproj/LaunchScreen.storyboard; sourceTree = "<group>"; };
		9325447928E71CB8003DBDF8 /* Info.plist */ = {isa = PBXFileReference; lastKnownFileType = text.plist.xml; path = Info.plist; sourceTree = "<group>"; };
		9325447E28E71CB8003DBDF8 /* DrawLineAtTests.xctest */ = {isa = PBXFileReference; explicitFileType = wrapper.cfbundle; includeInIndex = 0; path = DrawLineAtTests.xctest; sourceTree = BUILT_PRODUCTS_DIR; };
		9325448228E71CB8003DBDF8 /* DrawLineAtTests.swift */ = {isa = PBXFileReference; lastKnownFileType = sourcecode.swift; path = DrawLineAtTests.swift; sourceTree = "<group>"; };
		9325448828E71CB8003DBDF8 /* DrawLineAtUITests.xctest */ = {isa = PBXFileReference; explicitFileType = wrapper.cfbundle; includeInIndex = 0; path = DrawLineAtUITests.xctest; sourceTree = BUILT_PRODUCTS_DIR; };
		9325448C28E71CB8003DBDF8 /* DrawLineAtUITests.swift */ = {isa = PBXFileReference; lastKnownFileType = sourcecode.swift; path = DrawLineAtUITests.swift; sourceTree = "<group>"; };
		9325448E28E71CB8003DBDF8 /* DrawLineAtUITestsLaunchTests.swift */ = {isa = PBXFileReference; lastKnownFileType = sourcecode.swift; path = DrawLineAtUITestsLaunchTests.swift; sourceTree = "<group>"; };
/* End PBXFileReference section */

/* Begin PBXFrameworksBuildPhase section */
		9325446528E71CB6003DBDF8 /* Frameworks */ = {
			isa = PBXFrameworksBuildPhase;
			buildActionMask = 2147483647;
			files = (
			);
			runOnlyForDeploymentPostprocessing = 0;
		};
		9325447B28E71CB8003DBDF8 /* Frameworks */ = {
			isa = PBXFrameworksBuildPhase;
			buildActionMask = 2147483647;
			files = (
			);
			runOnlyForDeploymentPostprocessing = 0;
		};
		9325448528E71CB8003DBDF8 /* Frameworks */ = {
			isa = PBXFrameworksBuildPhase;
			buildActionMask = 2147483647;
			files = (
			);
			runOnlyForDeploymentPostprocessing = 0;
		};
/* End PBXFrameworksBuildPhase section */

/* Begin PBXGroup section */
		9325445F28E71CB6003DBDF8 = {
			isa = PBXGroup;
			children = (
				9325446A28E71CB6003DBDF8 /* DrawLineAt */,
				9325448128E71CB8003DBDF8 /* DrawLineAtTests */,
				9325448B28E71CB8003DBDF8 /* DrawLineAtUITests */,
				9325446928E71CB6003DBDF8 /* Products */,
			);
			sourceTree = "<group>";
		};
		9325446928E71CB6003DBDF8 /* Products */ = {
			isa = PBXGroup;
			children = (
				9325446828E71CB6003DBDF8 /* DrawLineAt.app */,
				9325447E28E71CB8003DBDF8 /* DrawLineAtTests.xctest */,
				9325448828E71CB8003DBDF8 /* DrawLineAtUITests.xctest */,
			);
			name = Products;
			sourceTree = "<group>";
		};
		9325446A28E71CB6003DBDF8 /* DrawLineAt */ = {
			isa = PBXGroup;
			children = (
				9325446B28E71CB6003DBDF8 /* AppDelegate.swift */,
				9325446D28E71CB6003DBDF8 /* SceneDelegate.swift */,
				9325446F28E71CB6003DBDF8 /* ViewController.swift */,
				9325447128E71CB6003DBDF8 /* Main.storyboard */,
				9325447428E71CB8003DBDF8 /* Assets.xcassets */,
				9325447628E71CB8003DBDF8 /* LaunchScreen.storyboard */,
				9325447928E71CB8003DBDF8 /* Info.plist */,
			);
			path = DrawLineAt;
			sourceTree = "<group>";
		};
		9325448128E71CB8003DBDF8 /* DrawLineAtTests */ = {
			isa = PBXGroup;
			children = (
				9325448228E71CB8003DBDF8 /* DrawLineAtTests.swift */,
			);
			path = DrawLineAtTests;
			sourceTree = "<group>";
		};
		9325448B28E71CB8003DBDF8 /* DrawLineAtUITests */ = {
			isa = PBXGroup;
			children = (
				9325448C28E71CB8003DBDF8 /* DrawLineAtUITests.swift */,
				9325448E28E71CB8003DBDF8 /* DrawLineAtUITestsLaunchTests.swift */,
			);
			path = DrawLineAtUITests;
			sourceTree = "<group>";
		};
/* End PBXGroup section */

/* Begin PBXNativeTarget section */
		9325446728E71CB6003DBDF8 /* DrawLineAt */ = {
			isa = PBXNativeTarget;
			buildConfigurationList = 9325449228E71CB8003DBDF8 /* Build configuration list for PBXNativeTarget "DrawLineAt" */;
			buildPhases = (
				9325446428E71CB6003DBDF8 /* Sources */,
				9325446528E71CB6003DBDF8 /* Frameworks */,
				9325446628E71CB6003DBDF8 /* Resources */,
			);
			buildRules = (
			);
			dependencies = (
			);
			name = DrawLineAt;
			productName = DrawLineAt;
			productReference = 9325446828E71CB6003DBDF8 /* DrawLineAt.app */;
			productType = "com.apple.product-type.application";
		};
		9325447D28E71CB8003DBDF8 /* DrawLineAtTests */ = {
			isa = PBXNativeTarget;
			buildConfigurationList = 9325449528E71CB8003DBDF8 /* Build configuration list for PBXNativeTarget "DrawLineAtTests" */;
			buildPhases = (
				9325447A28E71CB8003DBDF8 /* Sources */,
				9325447B28E71CB8003DBDF8 /* Frameworks */,
				9325447C28E71CB8003DBDF8 /* Resources */,
			);
			buildRules = (
			);
			dependencies = (
				9325448028E71CB8003DBDF8 /* PBXTargetDependency */,
			);
			name = DrawLineAtTests;
			productName = DrawLineAtTests;
			productReference = 9325447E28E71CB8003DBDF8 /* DrawLineAtTests.xctest */;
			productType = "com.apple.product-type.bundle.unit-test";
		};
		9325448728E71CB8003DBDF8 /* DrawLineAtUITests */ = {
			isa = PBXNativeTarget;
			buildConfigurationList = 9325449828E71CB8003DBDF8 /* Build configuration list for PBXNativeTarget "DrawLineAtUITests" */;
			buildPhases = (
				9325448428E71CB8003DBDF8 /* Sources */,
				9325448528E71CB8003DBDF8 /* Frameworks */,
				9325448628E71CB8003DBDF8 /* Resources */,
			);
			buildRules = (
			);
			dependencies = (
				9325448A28E71CB8003DBDF8 /* PBXTargetDependency */,
			);
			name = DrawLineAtUITests;
			productName = DrawLineAtUITests;
			productReference = 9325448828E71CB8003DBDF8 /* DrawLineAtUITests.xctest */;
			productType = "com.apple.product-type.bundle.ui-testing";
		};
/* End PBXNativeTarget section */

/* Begin PBXProject section */
		9325446028E71CB6003DBDF8 /* Project object */ = {
			isa = PBXProject;
			attributes = {
				BuildIndependentTargetsInParallel = 1;
				LastSwiftUpdateCheck = 1400;
				LastUpgradeCheck = 1400;
				TargetAttributes = {
					9325446728E71CB6003DBDF8 = {
						CreatedOnToolsVersion = 14.0.1;
					};
					9325447D28E71CB8003DBDF8 = {
						CreatedOnToolsVersion = 14.0.1;
						TestTargetID = 9325446728E71CB6003DBDF8;
					};
					9325448728E71CB8003DBDF8 = {
						CreatedOnToolsVersion = 14.0.1;
						TestTargetID = 9325446728E71CB6003DBDF8;
					};
				};
			};
			buildConfigurationList = 9325446328E71CB6003DBDF8 /* Build configuration list for PBXProject "DrawLineAt" */;
			compatibilityVersion = "Xcode 14.0";
			developmentRegion = en;
			hasScannedForEncodings = 0;
			knownRegions = (
				en,
				Base,
			);
			mainGroup = 9325445F28E71CB6003DBDF8;
			productRefGroup = 9325446928E71CB6003DBDF8 /* Products */;
			projectDirPath = "";
			projectRoot = "";
			targets = (
				9325446728E71CB6003DBDF8 /* DrawLineAt */,
				9325447D28E71CB8003DBDF8 /* DrawLineAtTests */,
				9325448728E71CB8003DBDF8 /* DrawLineAtUITests */,
			);
		};
/* End PBXProject section */

/* Begin PBXResourcesBuildPhase section */
		9325446628E71CB6003DBDF8 /* Resources */ = {
			isa = PBXResourcesBuildPhase;
			buildActionMask = 2147483647;
			files = (
				9325447828E71CB8003DBDF8 /* LaunchScreen.storyboard in Resources */,
				9325447528E71CB8003DBDF8 /* Assets.xcassets in Resources */,
				9325447328E71CB6003DBDF8 /* Main.storyboard in Resources */,
			);
			runOnlyForDeploymentPostprocessing = 0;
		};
		9325447C28E71CB8003DBDF8 /* Resources */ = {
			isa = PBXResourcesBuildPhase;
			buildActionMask = 2147483647;
			files = (
			);
			runOnlyForDeploymentPostprocessing = 0;
		};
		9325448628E71CB8003DBDF8 /* Resources */ = {
			isa = PBXResourcesBuildPhase;
			buildActionMask = 2147483647;
			files = (
			);
			runOnlyForDeploymentPostprocessing = 0;
		};
/* End PBXResourcesBuildPhase section */

/* Begin PBXSourcesBuildPhase section */
		9325446428E71CB6003DBDF8 /* Sources */ = {
			isa = PBXSourcesBuildPhase;
			buildActionMask = 2147483647;
			files = (
				9325447028E71CB6003DBDF8 /* ViewController.swift in Sources */,
				9325446C28E71CB6003DBDF8 /* AppDelegate.swift in Sources */,
				9325446E28E71CB6003DBDF8 /* SceneDelegate.swift in Sources */,
			);
			runOnlyForDeploymentPostprocessing = 0;
		};
		9325447A28E71CB8003DBDF8 /* Sources */ = {
			isa = PBXSourcesBuildPhase;
			buildActionMask = 2147483647;
			files = (
				9325448328E71CB8003DBDF8 /* DrawLineAtTests.swift in Sources */,
			);
			runOnlyForDeploymentPostprocessing = 0;
		};
		9325448428E71CB8003DBDF8 /* Sources */ = {
			isa = PBXSourcesBuildPhase;
			buildActionMask = 2147483647;
			files = (
				9325448D28E71CB8003DBDF8 /* DrawLineAtUITests.swift in Sources */,
				9325448F28E71CB8003DBDF8 /* DrawLineAtUITestsLaunchTests.swift in Sources */,
			);
			runOnlyForDeploymentPostprocessing = 0;
		};
/* End PBXSourcesBuildPhase section */

/* Begin PBXTargetDependency section */
		9325448028E71CB8003DBDF8 /* PBXTargetDependency */ = {
			isa = PBXTargetDependency;
			target = 9325446728E71CB6003DBDF8 /* DrawLineAt */;
			targetProxy = 9325447F28E71CB8003DBDF8 /* PBXContainerItemProxy */;
		};
		9325448A28E71CB8003DBDF8 /* PBXTargetDependency */ = {
			isa = PBXTargetDependency;
			target = 9325446728E71CB6003DBDF8 /* DrawLineAt */;
			targetProxy = 9325448928E71CB8003DBDF8 /* PBXContainerItemProxy */;
		};
/* End PBXTargetDependency section */

/* Begin PBXVariantGroup section */
		9325447128E71CB6003DBDF8 /* Main.storyboard */ = {
			isa = PBXVariantGroup;
			children = (
				9325447228E71CB6003DBDF8 /* Base */,
			);
			name = Main.storyboard;
			sourceTree = "<group>";
		};
		9325447628E71CB8003DBDF8 /* LaunchScreen.storyboard */ = {
			isa = PBXVariantGroup;
			children = (
				9325447728E71CB8003DBDF8 /* Base */,
			);
			name = LaunchScreen.storyboard;
			sourceTree = "<group>";
		};
/* End PBXVariantGroup section */

/* Begin XCBuildConfiguration section */
		9325449028E71CB8003DBDF8 /* Debug */ = {
			isa = XCBuildConfiguration;
			buildSettings = {
				ALWAYS_SEARCH_USER_PATHS = NO;
				CLANG_ANALYZER_NONNULL = YES;
				CLANG_ANALYZER_NUMBER_OBJECT_CONVERSION = YES_AGGRESSIVE;
				CLANG_CXX_LANGUAGE_STANDARD = "gnu++20";
				CLANG_ENABLE_MODULES = YES;
				CLANG_ENABLE_OBJC_ARC = YES;
				CLANG_ENABLE_OBJC_WEAK = YES;
				CLANG_WARN_BLOCK_CAPTURE_AUTORELEASING = YES;
				CLANG_WARN_BOOL_CONVERSION = YES;
				CLANG_WARN_COMMA = YES;
				CLANG_WARN_CONSTANT_CONVERSION = YES;
				CLANG_WARN_DEPRECATED_OBJC_IMPLEMENTATIONS = YES;
				CLANG_WARN_DIRECT_OBJC_ISA_USAGE = YES_ERROR;
				CLANG_WARN_DOCUMENTATION_COMMENTS = YES;
				CLANG_WARN_EMPTY_BODY = YES;
				CLANG_WARN_ENUM_CONVERSION = YES;
				CLANG_WARN_INFINITE_RECURSION = YES;
				CLANG_WARN_INT_CONVERSION = YES;
				CLANG_WARN_NON_LITERAL_NULL_CONVERSION = YES;
				CLANG_WARN_OBJC_IMPLICIT_RETAIN_SELF = YES;
				CLANG_WARN_OBJC_LITERAL_CONVERSION = YES;
				CLANG_WARN_OBJC_ROOT_CLASS = YES_ERROR;
				CLANG_WARN_QUOTED_INCLUDE_IN_FRAMEWORK_HEADER = YES;
				CLANG_WARN_RANGE_LOOP_ANALYSIS = YES;
				CLANG_WARN_STRICT_PROTOTYPES = YES;
				CLANG_WARN_SUSPICIOUS_MOVE = YES;
				CLANG_WARN_UNGUARDED_AVAILABILITY = YES_AGGRESSIVE;
				CLANG_WARN_UNREACHABLE_CODE = YES;
				CLANG_WARN__DUPLICATE_METHOD_MATCH = YES;
				COPY_PHASE_STRIP = NO;
				DEBUG_INFORMATION_FORMAT = dwarf;
				ENABLE_STRICT_OBJC_MSGSEND = YES;
				ENABLE_TESTABILITY = YES;
				GCC_C_LANGUAGE_STANDARD = gnu11;
				GCC_DYNAMIC_NO_PIC = NO;
				GCC_NO_COMMON_BLOCKS = YES;
				GCC_OPTIMIZATION_LEVEL = 0;
				GCC_PREPROCESSOR_DEFINITIONS = (
					"DEBUG=1",
					"$(inherited)",
				);
				GCC_WARN_64_TO_32_BIT_CONVERSION = YES;
				GCC_WARN_ABOUT_RETURN_TYPE = YES_ERROR;
				GCC_WARN_UNDECLARED_SELECTOR = YES;
				GCC_WARN_UNINITIALIZED_AUTOS = YES_AGGRESSIVE;
				GCC_WARN_UNUSED_FUNCTION = YES;
				GCC_WARN_UNUSED_VARIABLE = YES;
				IPHONEOS_DEPLOYMENT_TARGET = 16.0;
				MTL_ENABLE_DEBUG_INFO = INCLUDE_SOURCE;
				MTL_FAST_MATH = YES;
				ONLY_ACTIVE_ARCH = YES;
				SDKROOT = iphoneos;
				SWIFT_ACTIVE_COMPILATION_CONDITIONS = DEBUG;
				SWIFT_OPTIMIZATION_LEVEL = "-Onone";
			};
			name = Debug;
		};
		9325449128E71CB8003DBDF8 /* Release */ = {
			isa = XCBuildConfiguration;
			buildSettings = {
				ALWAYS_SEARCH_USER_PATHS = NO;
				CLANG_ANALYZER_NONNULL = YES;
				CLANG_ANALYZER_NUMBER_OBJECT_CONVERSION = YES_AGGRESSIVE;
				CLANG_CXX_LANGUAGE_STANDARD = "gnu++20";
				CLANG_ENABLE_MODULES = YES;
				CLANG_ENABLE_OBJC_ARC = YES;
				CLANG_ENABLE_OBJC_WEAK = YES;
				CLANG_WARN_BLOCK_CAPTURE_AUTORELEASING = YES;
				CLANG_WARN_BOOL_CONVERSION = YES;
				CLANG_WARN_COMMA = YES;
				CLANG_WARN_CONSTANT_CONVERSION = YES;
				CLANG_WARN_DEPRECATED_OBJC_IMPLEMENTATIONS = YES;
				CLANG_WARN_DIRECT_OBJC_ISA_USAGE = YES_ERROR;
				CLANG_WARN_DOCUMENTATION_COMMENTS = YES;
				CLANG_WARN_EMPTY_BODY = YES;
				CLANG_WARN_ENUM_CONVERSION = YES;
				CLANG_WARN_INFINITE_RECURSION = YES;
				CLANG_WARN_INT_CONVERSION = YES;
				CLANG_WARN_NON_LITERAL_NULL_CONVERSION = YES;
				CLANG_WARN_OBJC_IMPLICIT_RETAIN_SELF = YES;
				CLANG_WARN_OBJC_LITERAL_CONVERSION = YES;
				CLANG_WARN_OBJC_ROOT_CLASS = YES_ERROR;
				CLANG_WARN_QUOTED_INCLUDE_IN_FRAMEWORK_HEADER = YES;
				CLANG_WARN_RANGE_LOOP_ANALYSIS = YES;
				CLANG_WARN_STRICT_PROTOTYPES = YES;
				CLANG_WARN_SUSPICIOUS_MOVE = YES;
				CLANG_WARN_UNGUARDED_AVAILABILITY = YES_AGGRESSIVE;
				CLANG_WARN_UNREACHABLE_CODE = YES;
				CLANG_WARN__DUPLICATE_METHOD_MATCH = YES;
				COPY_PHASE_STRIP = NO;
				DEBUG_INFORMATION_FORMAT = "dwarf-with-dsym";
				ENABLE_NS_ASSERTIONS = NO;
				ENABLE_STRICT_OBJC_MSGSEND = YES;
				GCC_C_LANGUAGE_STANDARD = gnu11;
				GCC_NO_COMMON_BLOCKS = YES;
				GCC_WARN_64_TO_32_BIT_CONVERSION = YES;
				GCC_WARN_ABOUT_RETURN_TYPE = YES_ERROR;
				GCC_WARN_UNDECLARED_SELECTOR = YES;
				GCC_WARN_UNINITIALIZED_AUTOS = YES_AGGRESSIVE;
				GCC_WARN_UNUSED_FUNCTION = YES;
				GCC_WARN_UNUSED_VARIABLE = YES;
				IPHONEOS_DEPLOYMENT_TARGET = 16.0;
				MTL_ENABLE_DEBUG_INFO = NO;
				MTL_FAST_MATH = YES;
				SDKROOT = iphoneos;
				SWIFT_COMPILATION_MODE = wholemodule;
				SWIFT_OPTIMIZATION_LEVEL = "-O";
				VALIDATE_PRODUCT = YES;
			};
			name = Release;
		};
		9325449328E71CB8003DBDF8 /* Debug */ = {
			isa = XCBuildConfiguration;
			buildSettings = {
				ASSETCATALOG_COMPILER_APPICON_NAME = AppIcon;
				ASSETCATALOG_COMPILER_GLOBAL_ACCENT_COLOR_NAME = AccentColor;
				CODE_SIGN_STYLE = Automatic;
				CURRENT_PROJECT_VERSION = 1;
				DEVELOPMENT_TEAM = 5S4XBZ2ACZ;
				GENERATE_INFOPLIST_FILE = YES;
				INFOPLIST_FILE = DrawLineAt/Info.plist;
				INFOPLIST_KEY_UIApplicationSupportsIndirectInputEvents = YES;
				INFOPLIST_KEY_UILaunchStoryboardName = LaunchScreen;
				INFOPLIST_KEY_UIMainStoryboardFile = Main;
				INFOPLIST_KEY_UISupportedInterfaceOrientations_iPad = "UIInterfaceOrientationPortrait UIInterfaceOrientationPortraitUpsideDown UIInterfaceOrientationLandscapeLeft UIInterfaceOrientationLandscapeRight";
				INFOPLIST_KEY_UISupportedInterfaceOrientations_iPhone = "UIInterfaceOrientationPortrait UIInterfaceOrientationLandscapeLeft UIInterfaceOrientationLandscapeRight";
				LD_RUNPATH_SEARCH_PATHS = (
					"$(inherited)",
					"@executable_path/Frameworks",
				);
				MARKETING_VERSION = 1.0;
				PRODUCT_BUNDLE_IDENTIFIER = walter.myData.DrawLineAt;
				PRODUCT_NAME = "$(TARGET_NAME)";
				SWIFT_EMIT_LOC_STRINGS = YES;
				SWIFT_VERSION = 5.0;
				TARGETED_DEVICE_FAMILY = "1,2";
			};
			name = Debug;
		};
		9325449428E71CB8003DBDF8 /* Release */ = {
			isa = XCBuildConfiguration;
			buildSettings = {
				ASSETCATALOG_COMPILER_APPICON_NAME = AppIcon;
				ASSETCATALOG_COMPILER_GLOBAL_ACCENT_COLOR_NAME = AccentColor;
				CODE_SIGN_STYLE = Automatic;
				CURRENT_PROJECT_VERSION = 1;
				DEVELOPMENT_TEAM = 5S4XBZ2ACZ;
				GENERATE_INFOPLIST_FILE = YES;
				INFOPLIST_FILE = DrawLineAt/Info.plist;
				INFOPLIST_KEY_UIApplicationSupportsIndirectInputEvents = YES;
				INFOPLIST_KEY_UILaunchStoryboardName = LaunchScreen;
				INFOPLIST_KEY_UIMainStoryboardFile = Main;
				INFOPLIST_KEY_UISupportedInterfaceOrientations_iPad = "UIInterfaceOrientationPortrait UIInterfaceOrientationPortraitUpsideDown UIInterfaceOrientationLandscapeLeft UIInterfaceOrientationLandscapeRight";
				INFOPLIST_KEY_UISupportedInterfaceOrientations_iPhone = "UIInterfaceOrientationPortrait UIInterfaceOrientationLandscapeLeft UIInterfaceOrientationLandscapeRight";
				LD_RUNPATH_SEARCH_PATHS = (
					"$(inherited)",
					"@executable_path/Frameworks",
				);
				MARKETING_VERSION = 1.0;
				PRODUCT_BUNDLE_IDENTIFIER = walter.myData.DrawLineAt;
				PRODUCT_NAME = "$(TARGET_NAME)";
				SWIFT_EMIT_LOC_STRINGS = YES;
				SWIFT_VERSION = 5.0;
				TARGETED_DEVICE_FAMILY = "1,2";
			};
			name = Release;
		};
		9325449628E71CB8003DBDF8 /* Debug */ = {
			isa = XCBuildConfiguration;
			buildSettings = {
				ALWAYS_EMBED_SWIFT_STANDARD_LIBRARIES = YES;
				BUNDLE_LOADER = "$(TEST_HOST)";
				CODE_SIGN_STYLE = Automatic;
				CURRENT_PROJECT_VERSION = 1;
				DEVELOPMENT_TEAM = 5S4XBZ2ACZ;
				GENERATE_INFOPLIST_FILE = YES;
				IPHONEOS_DEPLOYMENT_TARGET = 16.0;
				MARKETING_VERSION = 1.0;
				PRODUCT_BUNDLE_IDENTIFIER = walter.myData.DrawLineAtTests;
				PRODUCT_NAME = "$(TARGET_NAME)";
				SWIFT_EMIT_LOC_STRINGS = NO;
				SWIFT_VERSION = 5.0;
				TARGETED_DEVICE_FAMILY = "1,2";
				TEST_HOST = "$(BUILT_PRODUCTS_DIR)/DrawLineAt.app/$(BUNDLE_EXECUTABLE_FOLDER_PATH)/DrawLineAt";
			};
			name = Debug;
		};
		9325449728E71CB8003DBDF8 /* Release */ = {
			isa = XCBuildConfiguration;
			buildSettings = {
				ALWAYS_EMBED_SWIFT_STANDARD_LIBRARIES = YES;
				BUNDLE_LOADER = "$(TEST_HOST)";
				CODE_SIGN_STYLE = Automatic;
				CURRENT_PROJECT_VERSION = 1;
				DEVELOPMENT_TEAM = 5S4XBZ2ACZ;
				GENERATE_INFOPLIST_FILE = YES;
				IPHONEOS_DEPLOYMENT_TARGET = 16.0;
				MARKETING_VERSION = 1.0;
				PRODUCT_BUNDLE_IDENTIFIER = walter.myData.DrawLineAtTests;
				PRODUCT_NAME = "$(TARGET_NAME)";
				SWIFT_EMIT_LOC_STRINGS = NO;
				SWIFT_VERSION = 5.0;
				TARGETED_DEVICE_FAMILY = "1,2";
				TEST_HOST = "$(BUILT_PRODUCTS_DIR)/DrawLineAt.app/$(BUNDLE_EXECUTABLE_FOLDER_PATH)/DrawLineAt";
			};
			name = Release;
		};
		9325449928E71CB8003DBDF8 /* Debug */ = {
			isa = XCBuildConfiguration;
			buildSettings = {
				ALWAYS_EMBED_SWIFT_STANDARD_LIBRARIES = YES;
				CODE_SIGN_STYLE = Automatic;
				CURRENT_PROJECT_VERSION = 1;
				DEVELOPMENT_TEAM = 5S4XBZ2ACZ;
				GENERATE_INFOPLIST_FILE = YES;
				MARKETING_VERSION = 1.0;
				PRODUCT_BUNDLE_IDENTIFIER = walter.myData.DrawLineAtUITests;
				PRODUCT_NAME = "$(TARGET_NAME)";
				SWIFT_EMIT_LOC_STRINGS = NO;
				SWIFT_VERSION = 5.0;
				TARGETED_DEVICE_FAMILY = "1,2";
				TEST_TARGET_NAME = DrawLineAt;
			};
			name = Debug;
		};
		9325449A28E71CB8003DBDF8 /* Release */ = {
			isa = XCBuildConfiguration;
			buildSettings = {
				ALWAYS_EMBED_SWIFT_STANDARD_LIBRARIES = YES;
				CODE_SIGN_STYLE = Automatic;
				CURRENT_PROJECT_VERSION = 1;
				DEVELOPMENT_TEAM = 5S4XBZ2ACZ;
				GENERATE_INFOPLIST_FILE = YES;
				MARKETING_VERSION = 1.0;
				PRODUCT_BUNDLE_IDENTIFIER = walter.myData.DrawLineAtUITests;
				PRODUCT_NAME = "$(TARGET_NAME)";
				SWIFT_EMIT_LOC_STRINGS = NO;
				SWIFT_VERSION = 5.0;
				TARGETED_DEVICE_FAMILY = "1,2";
				TEST_TARGET_NAME = DrawLineAt;
			};
			name = Release;
		};
/* End XCBuildConfiguration section */

/* Begin XCConfigurationList section */
		9325446328E71CB6003DBDF8 /* Build configuration list for PBXProject "DrawLineAt" */ = {
			isa = XCConfigurationList;
			buildConfigurations = (
				9325449028E71CB8003DBDF8 /* Debug */,
				9325449128E71CB8003DBDF8 /* Release */,
			);
			defaultConfigurationIsVisible = 0;
			defaultConfigurationName = Release;
		};
		9325449228E71CB8003DBDF8 /* Build configuration list for PBXNativeTarget "DrawLineAt" */ = {
			isa = XCConfigurationList;
			buildConfigurations = (
				9325449328E71CB8003DBDF8 /* Debug */,
				9325449428E71CB8003DBDF8 /* Release */,
			);
			defaultConfigurationIsVisible = 0;
			defaultConfigurationName = Release;
		};
		9325449528E71CB8003DBDF8 /* Build configuration list for PBXNativeTarget "DrawLineAtTests" */ = {
			isa = XCConfigurationList;
			buildConfigurations = (
				9325449628E71CB8003DBDF8 /* Debug */,
				9325449728E71CB8003DBDF8 /* Release */,
			);
			defaultConfigurationIsVisible = 0;
			defaultConfigurationName = Release;
		};
		9325449828E71CB8003DBDF8 /* Build configuration list for PBXNativeTarget "DrawLineAtUITests" */ = {
			isa = XCConfigurationList;
			buildConfigurations = (
				9325449928E71CB8003DBDF8 /* Debug */,
				9325449A28E71CB8003DBDF8 /* Release */,
			);
			defaultConfigurationIsVisible = 0;
			defaultConfigurationName = Release;
		};
/* End XCConfigurationList section */
	};
	rootObject = 9325446028E71CB6003DBDF8 /* Project object */;
}
